
Microsoft Visual Studio Solution File, Format Version 12.00
# Visual Studio Version 16
VisualStudioVersion = 16.0.29613.14
MinimumVisualStudioVersion = 10.0.40219.1
Project("{FAE04EC0-301F-11D3-BF4B-00C04F79EFBC}") = "CoreAngularApp", "CoreAngularApp\CoreAngularApp.csproj", "{84BA7D33-F970-43AB-8454-86912F775542}"
EndProject
Global
	GlobalSection(SolutionConfigurationPlatforms) = preSolution
		Debug|Any CPU = Debug|Any CPU
		Release|Any CPU = Release|Any CPU
	EndGlobalSection
	GlobalSection(ProjectConfigurationPlatforms) = postSolution
		{84BA7D33-F970-43AB-8454-86912F775542}.Debug|Any CPU.ActiveCfg = Debug|Any CPU
		{84BA7D33-F970-43AB-8454-86912F775542}.Debug|Any CPU.Build.0 = Debug|Any CPU
		{84BA7D33-F970-43AB-8454-86912F775542}.Release|Any CPU.ActiveCfg = Release|Any CPU
		{84BA7D33-F970-43AB-8454-86912F775542}.Release|Any CPU.Build.0 = Release|Any CPU
	EndGlobalSection
	GlobalSection(SolutionProperties) = preSolution
		HideSolutionNode = FALSE
	EndGlobalSection
	GlobalSection(ExtensibilityGlobals) = postSolution
		SolutionGuid = {18463DFC-A668-4C37-8A46-5D930DD56218}
	EndGlobalSection
EndGlobal
